Microsoft Visual Studio Solution File, Format Version 11.00
# Visual Studio 2008

Project("{5E65CC5D-1807-6B07-EA69-F875B4BE346F}") = "HeroTales", "Assembly-CSharp.csproj", "{8813F8FF-95EE-EA81-16CD-5B445CF4DBB0}"
EndProject
Project("{5E65CC5D-1807-6B07-EA69-F875B4BE346F}") = "HeroTales", "Assembly-CSharp-Editor.csproj", "{B4FAE06A-E990-9674-71DE-E8AD62943F97}"
EndProject
Global
	GlobalSection(SolutionConfigurationPlatforms) = preSolution
		Debug|Any CPU = Debug|Any CPU
		Release|Any CPU = Release|Any CPU
	EndGlobalSection
	GlobalSection(ProjectConfigurationPlatforms) = postSolution
		{8813F8FF-95EE-EA81-16CD-5B445CF4DBB0}.Debug|Any CPU.ActiveCfg = Debug|Any CPU
		{8813F8FF-95EE-EA81-16CD-5B445CF4DBB0}.Debug|Any CPU.Build.0 = Debug|Any CPU
		{8813F8FF-95EE-EA81-16CD-5B445CF4DBB0}.Release|Any CPU.ActiveCfg = Release|Any CPU
		{8813F8FF-95EE-EA81-16CD-5B445CF4DBB0}.Release|Any CPU.Build.0 = Release|Any CPU
		{B4FAE06A-E990-9674-71DE-E8AD62943F97}.Debug|Any CPU.ActiveCfg = Debug|Any CPU
		{B4FAE06A-E990-9674-71DE-E8AD62943F97}.Debug|Any CPU.Build.0 = Debug|Any CPU
		{B4FAE06A-E990-9674-71DE-E8AD62943F97}.Release|Any CPU.ActiveCfg = Release|Any CPU
		{B4FAE06A-E990-9674-71DE-E8AD62943F97}.Release|Any CPU.Build.0 = Release|Any CPU
	EndGlobalSection
	GlobalSection(SolutionProperties) = preSolution
		HideSolutionNode = FALSE
	EndGlobalSection
																																												GlobalSection(MonoDevelopProperties) = preSolution
		StartupItem = Assembly-CSharp.csproj
		Policies = $0
		$0.TextStylePolicy = $1
		$1.inheritsSet = null
		$1.scope = text/x-csharp
		$0.CSharpFormattingPolicy = $2
		$2.inheritsSet = Mono
		$2.inheritsScope = text/x-csharp
		$2.scope = text/x-csharp
		$0.TextStylePolicy = $3
		$3.TabsToSpaces = False
		$3.inheritsSet = VisualStudio
		$3.inheritsScope = text/plain
		$3.scope = text/plain
		$0.TextStylePolicy = $4
		$4.inheritsSet = null
		$4.scope = text/x-shader
		$0.TextStylePolicy = $5
		$5.inheritsSet = null
		$5.scope = application/xml
		$0.XmlFormattingPolicy = $6
		$6.inheritsSet = Mono
		$6.inheritsScope = application/xml
		$6.scope = application/xml
	EndGlobalSection

EndGlobal
